
Microsoft Visual Studio Solution File, Format Version 12.00
# Visual Studio 2013
VisualStudioVersion = 12.0.31101.0
MinimumVisualStudioVersion = 10.0.40219.1
Project("{FAE04EC0-301F-11D3-BF4B-00C04F79EFBC}") = "Jasily.Test", "Jasily.Test\Jasily.Test.csproj", "{8366BDEB-FEDB-4919-B679-565A46DE085C}"
EndProject
Project("{FAE04EC0-301F-11D3-BF4B-00C04F79EFBC}") = "Jasily", "Jasily\Jasily.csproj", "{B0F1F865-FA1F-4D3D-92F6-73E147E0D52B}"
EndProject
Project("{FAE04EC0-301F-11D3-BF4B-00C04F79EFBC}") = "Jasily.Torrent", "Jasily.Torrent\Jasily.Torrent.csproj", "{632C5DA2-2328-434D-925F-1F73191DB221}"
EndProject
Project("{FAE04EC0-301F-11D3-BF4B-00C04F79EFBC}") = "Jasily.Client", "Jasily.Client\Jasily.Client.csproj", "{8AAA99FE-A2AB-48FF-8BB1-2C0F0F0E65A5}"
EndProject
Global
	GlobalSection(SolutionConfigurationPlatforms) = preSolution
		Debug|Any CPU = Debug|Any CPU
		Release|Any CPU = Release|Any CPU
	EndGlobalSection
	GlobalSection(ProjectConfigurationPlatforms) = postSolution
		{8366BDEB-FEDB-4919-B679-565A46DE085C}.Debug|Any CPU.ActiveCfg = Debug|Any CPU
		{8366BDEB-FEDB-4919-B679-565A46DE085C}.Debug|Any CPU.Build.0 = Debug|Any CPU
		{8366BDEB-FEDB-4919-B679-565A46DE085C}.Release|Any CPU.ActiveCfg = Release|Any CPU
		{8366BDEB-FEDB-4919-B679-565A46DE085C}.Release|Any CPU.Build.0 = Release|Any CPU
		{B0F1F865-FA1F-4D3D-92F6-73E147E0D52B}.Debug|Any CPU.ActiveCfg = Debug|Any CPU
		{B0F1F865-FA1F-4D3D-92F6-73E147E0D52B}.Debug|Any CPU.Build.0 = Debug|Any CPU
		{B0F1F865-FA1F-4D3D-92F6-73E147E0D52B}.Release|Any CPU.ActiveCfg = Release|Any CPU
		{B0F1F865-FA1F-4D3D-92F6-73E147E0D52B}.Release|Any CPU.Build.0 = Release|Any CPU
		{632C5DA2-2328-434D-925F-1F73191DB221}.Debug|Any CPU.ActiveCfg = Debug|Any CPU
		{632C5DA2-2328-434D-925F-1F73191DB221}.Debug|Any CPU.Build.0 = Debug|Any CPU
		{632C5DA2-2328-434D-925F-1F73191DB221}.Release|Any CPU.ActiveCfg = Release|Any CPU
		{632C5DA2-2328-434D-925F-1F73191DB221}.Release|Any CPU.Build.0 = Release|Any CPU
		{8AAA99FE-A2AB-48FF-8BB1-2C0F0F0E65A5}.Debug|Any CPU.ActiveCfg = Debug|Any CPU
		{8AAA99FE-A2AB-48FF-8BB1-2C0F0F0E65A5}.Debug|Any CPU.Build.0 = Debug|Any CPU
		{8AAA99FE-A2AB-48FF-8BB1-2C0F0F0E65A5}.Release|Any CPU.ActiveCfg = Release|Any CPU
		{8AAA99FE-A2AB-48FF-8BB1-2C0F0F0E65A5}.Release|Any CPU.Build.0 = Release|Any CPU
	EndGlobalSection
	GlobalSection(SolutionProperties) = preSolution
		HideSolutionNode = FALSE
	EndGlobalSection
EndGlobal
