
Microsoft Visual Studio Solution File, Format Version 12.00
# Visual Studio 14
VisualStudioVersion = 14.0.23107.0
MinimumVisualStudioVersion = 10.0.40219.1
Project("{FAE04EC0-301F-11D3-BF4B-00C04F79EFBC}") = "Jasily.Torrent", "Jasily.Torrent\Jasily.Torrent.csproj", "{632C5DA2-2328-434D-925F-1F73191DB221}"
EndProject
Project("{FAE04EC0-301F-11D3-BF4B-00C04F79EFBC}") = "Jasily.Core.Desktop", "Jasily.Core.Desktop\Jasily.Core.Desktop.csproj", "{E90943E3-39C3-4649-9FE7-17096CBCD95E}"
EndProject
Project("{FAE04EC0-301F-11D3-BF4B-00C04F79EFBC}") = "Jasily.Core.CSShared", "Jasily.Core.CSShared\Jasily.Core.CSShared.csproj", "{72BD2A0C-9D31-462E-9460-8453450FC1B2}"
EndProject
Project("{FAE04EC0-301F-11D3-BF4B-00C04F79EFBC}") = "Jasily.Core", "Jasily.Core\Jasily.Core.csproj", "{8442E8E7-D515-4481-8A36-71711B1FBF79}"
EndProject
Project("{FAE04EC0-301F-11D3-BF4B-00C04F79EFBC}") = "UnitTest.Desktop", "UnitTest.Desktop\UnitTest.Desktop.csproj", "{7C7F7A7C-DE6E-41AD-AB33-8BDE112AD029}"
EndProject
Project("{FAE04EC0-301F-11D3-BF4B-00C04F79EFBC}") = "Jasily.Core.WP80", "Jasily.Core.WP80\Jasily.Core.WP80.csproj", "{F8CEDE71-3C83-4102-A233-71BDD05D8250}"
EndProject
Project("{FAE04EC0-301F-11D3-BF4B-00C04F79EFBC}") = "Jasily.Core.WP81", "Jasily.Core.WP81\Jasily.Core.WP81.csproj", "{6C92ACF0-A2B7-4738-8B6D-20C3BECBEAFD}"
EndProject
Project("{FAE04EC0-301F-11D3-BF4B-00C04F79EFBC}") = "Jasily.Data.SQLBuilder", "Jasily.Data.SQLBuilder\Jasily.Data.SQLBuilder.csproj", "{295AEA0D-D4AF-458E-951A-B72D2EE6624B}"
EndProject
Project("{FAE04EC0-301F-11D3-BF4B-00C04F79EFBC}") = "Jasily", "Jasily\Jasily.csproj", "{6ADB6547-070B-4518-A2D1-E3BC349730BC}"
EndProject
Project("{FAE04EC0-301F-11D3-BF4B-00C04F79EFBC}") = "Jasily.Core.UWP10", "Jasily.Core.UWP10\Jasily.Core.UWP10.csproj", "{33923B08-EDA0-4ACC-9818-17F01CD1A89F}"
EndProject
Project("{FAE04EC0-301F-11D3-BF4B-00C04F79EFBC}") = "Jasily.UWP10", "Jasily.UWP10\Jasily.UWP10.csproj", "{9112EE3B-BC5A-494C-9F2D-F73542F5D4B9}"
EndProject
Project("{FAE04EC0-301F-11D3-BF4B-00C04F79EFBC}") = "Jasily.Shared", "Jasily.Shared\Jasily.Shared.csproj", "{5796B036-63DB-4AD5-B2CA-6F954241FD29}"
EndProject
Project("{FAE04EC0-301F-11D3-BF4B-00C04F79EFBC}") = "Jasily.Desktop", "Jasily.Desktop\Jasily.Desktop.csproj", "{613D8F93-1CC9-4C5D-A67A-290175FC4878}"
EndProject
Project("{FAE04EC0-301F-11D3-BF4B-00C04F79EFBC}") = "Jasily.Core.Linq", "Jasily.Core.Linq\Jasily.Core.Linq.csproj", "{801800EA-FE7C-40AD-838D-F2A887DE03DE}"
EndProject
Global
	GlobalSection(SolutionConfigurationPlatforms) = preSolution
		Debug|Any CPU = Debug|Any CPU
		Debug|ARM = Debug|ARM
		Debug|x64 = Debug|x64
		Debug|x86 = Debug|x86
		Release|Any CPU = Release|Any CPU
		Release|ARM = Release|ARM
		Release|x64 = Release|x64
		Release|x86 = Release|x86
	EndGlobalSection
	GlobalSection(ProjectConfigurationPlatforms) = postSolution
		{632C5DA2-2328-434D-925F-1F73191DB221}.Debug|Any CPU.ActiveCfg = Debug|Any CPU
		{632C5DA2-2328-434D-925F-1F73191DB221}.Debug|Any CPU.Build.0 = Debug|Any CPU
		{632C5DA2-2328-434D-925F-1F73191DB221}.Debug|ARM.ActiveCfg = Debug|Any CPU
		{632C5DA2-2328-434D-925F-1F73191DB221}.Debug|x64.ActiveCfg = Debug|Any CPU
		{632C5DA2-2328-434D-925F-1F73191DB221}.Debug|x64.Build.0 = Debug|Any CPU
		{632C5DA2-2328-434D-925F-1F73191DB221}.Debug|x86.ActiveCfg = Debug|Any CPU
		{632C5DA2-2328-434D-925F-1F73191DB221}.Release|Any CPU.ActiveCfg = Release|Any CPU
		{632C5DA2-2328-434D-925F-1F73191DB221}.Release|Any CPU.Build.0 = Release|Any CPU
		{632C5DA2-2328-434D-925F-1F73191DB221}.Release|ARM.ActiveCfg = Release|Any CPU
		{632C5DA2-2328-434D-925F-1F73191DB221}.Release|x64.ActiveCfg = Release|Any CPU
		{632C5DA2-2328-434D-925F-1F73191DB221}.Release|x64.Build.0 = Release|Any CPU
		{632C5DA2-2328-434D-925F-1F73191DB221}.Release|x86.ActiveCfg = Release|Any CPU
		{E90943E3-39C3-4649-9FE7-17096CBCD95E}.Debug|Any CPU.ActiveCfg = Debug|Any CPU
		{E90943E3-39C3-4649-9FE7-17096CBCD95E}.Debug|Any CPU.Build.0 = Debug|Any CPU
		{E90943E3-39C3-4649-9FE7-17096CBCD95E}.Debug|ARM.ActiveCfg = Debug|Any CPU
		{E90943E3-39C3-4649-9FE7-17096CBCD95E}.Debug|x64.ActiveCfg = Debug|Any CPU
		{E90943E3-39C3-4649-9FE7-17096CBCD95E}.Debug|x64.Build.0 = Debug|Any CPU
		{E90943E3-39C3-4649-9FE7-17096CBCD95E}.Debug|x86.ActiveCfg = Debug|Any CPU
		{E90943E3-39C3-4649-9FE7-17096CBCD95E}.Release|Any CPU.ActiveCfg = Release|Any CPU
		{E90943E3-39C3-4649-9FE7-17096CBCD95E}.Release|Any CPU.Build.0 = Release|Any CPU
		{E90943E3-39C3-4649-9FE7-17096CBCD95E}.Release|ARM.ActiveCfg = Release|Any CPU
		{E90943E3-39C3-4649-9FE7-17096CBCD95E}.Release|x64.ActiveCfg = Release|Any CPU
		{E90943E3-39C3-4649-9FE7-17096CBCD95E}.Release|x64.Build.0 = Release|Any CPU
		{E90943E3-39C3-4649-9FE7-17096CBCD95E}.Release|x86.ActiveCfg = Release|Any CPU
		{72BD2A0C-9D31-462E-9460-8453450FC1B2}.Debug|Any CPU.ActiveCfg = Debug|Any CPU
		{72BD2A0C-9D31-462E-9460-8453450FC1B2}.Debug|Any CPU.Build.0 = Debug|Any CPU
		{72BD2A0C-9D31-462E-9460-8453450FC1B2}.Debug|ARM.ActiveCfg = Debug|Any CPU
		{72BD2A0C-9D31-462E-9460-8453450FC1B2}.Debug|x64.ActiveCfg = Debug|Any CPU
		{72BD2A0C-9D31-462E-9460-8453450FC1B2}.Debug|x64.Build.0 = Debug|Any CPU
		{72BD2A0C-9D31-462E-9460-8453450FC1B2}.Debug|x86.ActiveCfg = Debug|Any CPU
		{72BD2A0C-9D31-462E-9460-8453450FC1B2}.Release|Any CPU.ActiveCfg = Release|Any CPU
		{72BD2A0C-9D31-462E-9460-8453450FC1B2}.Release|Any CPU.Build.0 = Release|Any CPU
		{72BD2A0C-9D31-462E-9460-8453450FC1B2}.Release|ARM.ActiveCfg = Release|Any CPU
		{72BD2A0C-9D31-462E-9460-8453450FC1B2}.Release|x64.ActiveCfg = Release|Any CPU
		{72BD2A0C-9D31-462E-9460-8453450FC1B2}.Release|x64.Build.0 = Release|Any CPU
		{72BD2A0C-9D31-462E-9460-8453450FC1B2}.Release|x86.ActiveCfg = Release|Any CPU
		{8442E8E7-D515-4481-8A36-71711B1FBF79}.Debug|Any CPU.ActiveCfg = Debug|Any CPU
		{8442E8E7-D515-4481-8A36-71711B1FBF79}.Debug|Any CPU.Build.0 = Debug|Any CPU
		{8442E8E7-D515-4481-8A36-71711B1FBF79}.Debug|ARM.ActiveCfg = Debug|Any CPU
		{8442E8E7-D515-4481-8A36-71711B1FBF79}.Debug|x64.ActiveCfg = Debug|Any CPU
		{8442E8E7-D515-4481-8A36-71711B1FBF79}.Debug|x64.Build.0 = Debug|Any CPU
		{8442E8E7-D515-4481-8A36-71711B1FBF79}.Debug|x86.ActiveCfg = Debug|Any CPU
		{8442E8E7-D515-4481-8A36-71711B1FBF79}.Release|Any CPU.ActiveCfg = Release|Any CPU
		{8442E8E7-D515-4481-8A36-71711B1FBF79}.Release|Any CPU.Build.0 = Release|Any CPU
		{8442E8E7-D515-4481-8A36-71711B1FBF79}.Release|ARM.ActiveCfg = Release|Any CPU
		{8442E8E7-D515-4481-8A36-71711B1FBF79}.Release|x64.ActiveCfg = Release|Any CPU
		{8442E8E7-D515-4481-8A36-71711B1FBF79}.Release|x64.Build.0 = Release|Any CPU
		{8442E8E7-D515-4481-8A36-71711B1FBF79}.Release|x86.ActiveCfg = Release|Any CPU
		{7C7F7A7C-DE6E-41AD-AB33-8BDE112AD029}.Debug|Any CPU.ActiveCfg = Debug|Any CPU
		{7C7F7A7C-DE6E-41AD-AB33-8BDE112AD029}.Debug|Any CPU.Build.0 = Debug|Any CPU
		{7C7F7A7C-DE6E-41AD-AB33-8BDE112AD029}.Debug|ARM.ActiveCfg = Debug|Any CPU
		{7C7F7A7C-DE6E-41AD-AB33-8BDE112AD029}.Debug|x64.ActiveCfg = Debug|Any CPU
		{7C7F7A7C-DE6E-41AD-AB33-8BDE112AD029}.Debug|x64.Build.0 = Debug|Any CPU
		{7C7F7A7C-DE6E-41AD-AB33-8BDE112AD029}.Debug|x86.ActiveCfg = Debug|Any CPU
		{7C7F7A7C-DE6E-41AD-AB33-8BDE112AD029}.Release|Any CPU.ActiveCfg = Release|Any CPU
		{7C7F7A7C-DE6E-41AD-AB33-8BDE112AD029}.Release|Any CPU.Build.0 = Release|Any CPU
		{7C7F7A7C-DE6E-41AD-AB33-8BDE112AD029}.Release|ARM.ActiveCfg = Release|Any CPU
		{7C7F7A7C-DE6E-41AD-AB33-8BDE112AD029}.Release|x64.ActiveCfg = Release|Any CPU
		{7C7F7A7C-DE6E-41AD-AB33-8BDE112AD029}.Release|x64.Build.0 = Release|Any CPU
		{7C7F7A7C-DE6E-41AD-AB33-8BDE112AD029}.Release|x86.ActiveCfg = Release|Any CPU
		{F8CEDE71-3C83-4102-A233-71BDD05D8250}.Debug|Any CPU.ActiveCfg = Debug|Any CPU
		{F8CEDE71-3C83-4102-A233-71BDD05D8250}.Debug|ARM.ActiveCfg = Debug|ARM
		{F8CEDE71-3C83-4102-A233-71BDD05D8250}.Debug|ARM.Build.0 = Debug|ARM
		{F8CEDE71-3C83-4102-A233-71BDD05D8250}.Debug|x64.ActiveCfg = Debug|Any CPU
		{F8CEDE71-3C83-4102-A233-71BDD05D8250}.Debug|x64.Build.0 = Debug|Any CPU
		{F8CEDE71-3C83-4102-A233-71BDD05D8250}.Debug|x86.ActiveCfg = Debug|x86
		{F8CEDE71-3C83-4102-A233-71BDD05D8250}.Debug|x86.Build.0 = Debug|x86
		{F8CEDE71-3C83-4102-A233-71BDD05D8250}.Release|Any CPU.ActiveCfg = Release|Any CPU
		{F8CEDE71-3C83-4102-A233-71BDD05D8250}.Release|Any CPU.Build.0 = Release|Any CPU
		{F8CEDE71-3C83-4102-A233-71BDD05D8250}.Release|ARM.ActiveCfg = Release|ARM
		{F8CEDE71-3C83-4102-A233-71BDD05D8250}.Release|ARM.Build.0 = Release|ARM
		{F8CEDE71-3C83-4102-A233-71BDD05D8250}.Release|x64.ActiveCfg = Release|Any CPU
		{F8CEDE71-3C83-4102-A233-71BDD05D8250}.Release|x64.Build.0 = Release|Any CPU
		{F8CEDE71-3C83-4102-A233-71BDD05D8250}.Release|x86.ActiveCfg = Release|x86
		{F8CEDE71-3C83-4102-A233-71BDD05D8250}.Release|x86.Build.0 = Release|x86
		{6C92ACF0-A2B7-4738-8B6D-20C3BECBEAFD}.Debug|Any CPU.ActiveCfg = Debug|Any CPU
		{6C92ACF0-A2B7-4738-8B6D-20C3BECBEAFD}.Debug|ARM.ActiveCfg = Debug|ARM
		{6C92ACF0-A2B7-4738-8B6D-20C3BECBEAFD}.Debug|ARM.Build.0 = Debug|ARM
		{6C92ACF0-A2B7-4738-8B6D-20C3BECBEAFD}.Debug|x64.ActiveCfg = Debug|Any CPU
		{6C92ACF0-A2B7-4738-8B6D-20C3BECBEAFD}.Debug|x64.Build.0 = Debug|Any CPU
		{6C92ACF0-A2B7-4738-8B6D-20C3BECBEAFD}.Debug|x86.ActiveCfg = Debug|x86
		{6C92ACF0-A2B7-4738-8B6D-20C3BECBEAFD}.Debug|x86.Build.0 = Debug|x86
		{6C92ACF0-A2B7-4738-8B6D-20C3BECBEAFD}.Release|Any CPU.ActiveCfg = Release|Any CPU
		{6C92ACF0-A2B7-4738-8B6D-20C3BECBEAFD}.Release|Any CPU.Build.0 = Release|Any CPU
		{6C92ACF0-A2B7-4738-8B6D-20C3BECBEAFD}.Release|ARM.ActiveCfg = Release|ARM
		{6C92ACF0-A2B7-4738-8B6D-20C3BECBEAFD}.Release|ARM.Build.0 = Release|ARM
		{6C92ACF0-A2B7-4738-8B6D-20C3BECBEAFD}.Release|x64.ActiveCfg = Release|Any CPU
		{6C92ACF0-A2B7-4738-8B6D-20C3BECBEAFD}.Release|x64.Build.0 = Release|Any CPU
		{6C92ACF0-A2B7-4738-8B6D-20C3BECBEAFD}.Release|x86.ActiveCfg = Release|x86
		{6C92ACF0-A2B7-4738-8B6D-20C3BECBEAFD}.Release|x86.Build.0 = Release|x86
		{295AEA0D-D4AF-458E-951A-B72D2EE6624B}.Debug|Any CPU.ActiveCfg = Debug|Any CPU
		{295AEA0D-D4AF-458E-951A-B72D2EE6624B}.Debug|Any CPU.Build.0 = Debug|Any CPU
		{295AEA0D-D4AF-458E-951A-B72D2EE6624B}.Debug|ARM.ActiveCfg = Debug|Any CPU
		{295AEA0D-D4AF-458E-951A-B72D2EE6624B}.Debug|x64.ActiveCfg = Debug|Any CPU
		{295AEA0D-D4AF-458E-951A-B72D2EE6624B}.Debug|x64.Build.0 = Debug|Any CPU
		{295AEA0D-D4AF-458E-951A-B72D2EE6624B}.Debug|x86.ActiveCfg = Debug|Any CPU
		{295AEA0D-D4AF-458E-951A-B72D2EE6624B}.Release|Any CPU.ActiveCfg = Release|Any CPU
		{295AEA0D-D4AF-458E-951A-B72D2EE6624B}.Release|Any CPU.Build.0 = Release|Any CPU
		{295AEA0D-D4AF-458E-951A-B72D2EE6624B}.Release|ARM.ActiveCfg = Release|Any CPU
		{295AEA0D-D4AF-458E-951A-B72D2EE6624B}.Release|x64.ActiveCfg = Release|Any CPU
		{295AEA0D-D4AF-458E-951A-B72D2EE6624B}.Release|x64.Build.0 = Release|Any CPU
		{295AEA0D-D4AF-458E-951A-B72D2EE6624B}.Release|x86.ActiveCfg = Release|Any CPU
		{6ADB6547-070B-4518-A2D1-E3BC349730BC}.Debug|Any CPU.ActiveCfg = Debug|Any CPU
		{6ADB6547-070B-4518-A2D1-E3BC349730BC}.Debug|Any CPU.Build.0 = Debug|Any CPU
		{6ADB6547-070B-4518-A2D1-E3BC349730BC}.Debug|ARM.ActiveCfg = Debug|Any CPU
		{6ADB6547-070B-4518-A2D1-E3BC349730BC}.Debug|ARM.Build.0 = Debug|Any CPU
		{6ADB6547-070B-4518-A2D1-E3BC349730BC}.Debug|x64.ActiveCfg = Debug|Any CPU
		{6ADB6547-070B-4518-A2D1-E3BC349730BC}.Debug|x64.Build.0 = Debug|Any CPU
		{6ADB6547-070B-4518-A2D1-E3BC349730BC}.Debug|x86.ActiveCfg = Debug|Any CPU
		{6ADB6547-070B-4518-A2D1-E3BC349730BC}.Debug|x86.Build.0 = Debug|Any CPU
		{6ADB6547-070B-4518-A2D1-E3BC349730BC}.Release|Any CPU.ActiveCfg = Release|Any CPU
		{6ADB6547-070B-4518-A2D1-E3BC349730BC}.Release|Any CPU.Build.0 = Release|Any CPU
		{6ADB6547-070B-4518-A2D1-E3BC349730BC}.Release|ARM.ActiveCfg = Release|Any CPU
		{6ADB6547-070B-4518-A2D1-E3BC349730BC}.Release|ARM.Build.0 = Release|Any CPU
		{6ADB6547-070B-4518-A2D1-E3BC349730BC}.Release|x64.ActiveCfg = Release|Any CPU
		{6ADB6547-070B-4518-A2D1-E3BC349730BC}.Release|x64.Build.0 = Release|Any CPU
		{6ADB6547-070B-4518-A2D1-E3BC349730BC}.Release|x86.ActiveCfg = Release|Any CPU
		{6ADB6547-070B-4518-A2D1-E3BC349730BC}.Release|x86.Build.0 = Release|Any CPU
		{33923B08-EDA0-4ACC-9818-17F01CD1A89F}.Debug|Any CPU.ActiveCfg = Debug|Any CPU
		{33923B08-EDA0-4ACC-9818-17F01CD1A89F}.Debug|Any CPU.Build.0 = Debug|Any CPU
		{33923B08-EDA0-4ACC-9818-17F01CD1A89F}.Debug|ARM.ActiveCfg = Debug|ARM
		{33923B08-EDA0-4ACC-9818-17F01CD1A89F}.Debug|ARM.Build.0 = Debug|ARM
		{33923B08-EDA0-4ACC-9818-17F01CD1A89F}.Debug|x64.ActiveCfg = Debug|x64
		{33923B08-EDA0-4ACC-9818-17F01CD1A89F}.Debug|x64.Build.0 = Debug|x64
		{33923B08-EDA0-4ACC-9818-17F01CD1A89F}.Debug|x86.ActiveCfg = Debug|x86
		{33923B08-EDA0-4ACC-9818-17F01CD1A89F}.Debug|x86.Build.0 = Debug|x86
		{33923B08-EDA0-4ACC-9818-17F01CD1A89F}.Release|Any CPU.ActiveCfg = Release|Any CPU
		{33923B08-EDA0-4ACC-9818-17F01CD1A89F}.Release|Any CPU.Build.0 = Release|Any CPU
		{33923B08-EDA0-4ACC-9818-17F01CD1A89F}.Release|ARM.ActiveCfg = Release|ARM
		{33923B08-EDA0-4ACC-9818-17F01CD1A89F}.Release|ARM.Build.0 = Release|ARM
		{33923B08-EDA0-4ACC-9818-17F01CD1A89F}.Release|x64.ActiveCfg = Release|x64
		{33923B08-EDA0-4ACC-9818-17F01CD1A89F}.Release|x64.Build.0 = Release|x64
		{33923B08-EDA0-4ACC-9818-17F01CD1A89F}.Release|x86.ActiveCfg = Release|x86
		{33923B08-EDA0-4ACC-9818-17F01CD1A89F}.Release|x86.Build.0 = Release|x86
		{9112EE3B-BC5A-494C-9F2D-F73542F5D4B9}.Debug|Any CPU.ActiveCfg = Debug|Any CPU
		{9112EE3B-BC5A-494C-9F2D-F73542F5D4B9}.Debug|Any CPU.Build.0 = Debug|Any CPU
		{9112EE3B-BC5A-494C-9F2D-F73542F5D4B9}.Debug|ARM.ActiveCfg = Debug|ARM
		{9112EE3B-BC5A-494C-9F2D-F73542F5D4B9}.Debug|ARM.Build.0 = Debug|ARM
		{9112EE3B-BC5A-494C-9F2D-F73542F5D4B9}.Debug|x64.ActiveCfg = Debug|x64
		{9112EE3B-BC5A-494C-9F2D-F73542F5D4B9}.Debug|x64.Build.0 = Debug|x64
		{9112EE3B-BC5A-494C-9F2D-F73542F5D4B9}.Debug|x86.ActiveCfg = Debug|x86
		{9112EE3B-BC5A-494C-9F2D-F73542F5D4B9}.Debug|x86.Build.0 = Debug|x86
		{9112EE3B-BC5A-494C-9F2D-F73542F5D4B9}.Release|Any CPU.ActiveCfg = Release|Any CPU
		{9112EE3B-BC5A-494C-9F2D-F73542F5D4B9}.Release|Any CPU.Build.0 = Release|Any CPU
		{9112EE3B-BC5A-494C-9F2D-F73542F5D4B9}.Release|ARM.ActiveCfg = Release|ARM
		{9112EE3B-BC5A-494C-9F2D-F73542F5D4B9}.Release|ARM.Build.0 = Release|ARM
		{9112EE3B-BC5A-494C-9F2D-F73542F5D4B9}.Release|x64.ActiveCfg = Release|x64
		{9112EE3B-BC5A-494C-9F2D-F73542F5D4B9}.Release|x64.Build.0 = Release|x64
		{9112EE3B-BC5A-494C-9F2D-F73542F5D4B9}.Release|x86.ActiveCfg = Release|x86
		{9112EE3B-BC5A-494C-9F2D-F73542F5D4B9}.Release|x86.Build.0 = Release|x86
		{5796B036-63DB-4AD5-B2CA-6F954241FD29}.Debug|Any CPU.ActiveCfg = Debug|Any CPU
		{5796B036-63DB-4AD5-B2CA-6F954241FD29}.Debug|Any CPU.Build.0 = Debug|Any CPU
		{5796B036-63DB-4AD5-B2CA-6F954241FD29}.Debug|ARM.ActiveCfg = Debug|Any CPU
		{5796B036-63DB-4AD5-B2CA-6F954241FD29}.Debug|ARM.Build.0 = Debug|Any CPU
		{5796B036-63DB-4AD5-B2CA-6F954241FD29}.Debug|x64.ActiveCfg = Debug|Any CPU
		{5796B036-63DB-4AD5-B2CA-6F954241FD29}.Debug|x64.Build.0 = Debug|Any CPU
		{5796B036-63DB-4AD5-B2CA-6F954241FD29}.Debug|x86.ActiveCfg = Debug|Any CPU
		{5796B036-63DB-4AD5-B2CA-6F954241FD29}.Debug|x86.Build.0 = Debug|Any CPU
		{5796B036-63DB-4AD5-B2CA-6F954241FD29}.Release|Any CPU.ActiveCfg = Release|Any CPU
		{5796B036-63DB-4AD5-B2CA-6F954241FD29}.Release|Any CPU.Build.0 = Release|Any CPU
		{5796B036-63DB-4AD5-B2CA-6F954241FD29}.Release|ARM.ActiveCfg = Release|Any CPU
		{5796B036-63DB-4AD5-B2CA-6F954241FD29}.Release|ARM.Build.0 = Release|Any CPU
		{5796B036-63DB-4AD5-B2CA-6F954241FD29}.Release|x64.ActiveCfg = Release|Any CPU
		{5796B036-63DB-4AD5-B2CA-6F954241FD29}.Release|x64.Build.0 = Release|Any CPU
		{5796B036-63DB-4AD5-B2CA-6F954241FD29}.Release|x86.ActiveCfg = Release|Any CPU
		{5796B036-63DB-4AD5-B2CA-6F954241FD29}.Release|x86.Build.0 = Release|Any CPU
		{613D8F93-1CC9-4C5D-A67A-290175FC4878}.Debug|Any CPU.ActiveCfg = Debug|Any CPU
		{613D8F93-1CC9-4C5D-A67A-290175FC4878}.Debug|Any CPU.Build.0 = Debug|Any CPU
		{613D8F93-1CC9-4C5D-A67A-290175FC4878}.Debug|ARM.ActiveCfg = Debug|Any CPU
		{613D8F93-1CC9-4C5D-A67A-290175FC4878}.Debug|ARM.Build.0 = Debug|Any CPU
		{613D8F93-1CC9-4C5D-A67A-290175FC4878}.Debug|x64.ActiveCfg = Debug|Any CPU
		{613D8F93-1CC9-4C5D-A67A-290175FC4878}.Debug|x64.Build.0 = Debug|Any CPU
		{613D8F93-1CC9-4C5D-A67A-290175FC4878}.Debug|x86.ActiveCfg = Debug|Any CPU
		{613D8F93-1CC9-4C5D-A67A-290175FC4878}.Debug|x86.Build.0 = Debug|Any CPU
		{613D8F93-1CC9-4C5D-A67A-290175FC4878}.Release|Any CPU.ActiveCfg = Release|Any CPU
		{613D8F93-1CC9-4C5D-A67A-290175FC4878}.Release|Any CPU.Build.0 = Release|Any CPU
		{613D8F93-1CC9-4C5D-A67A-290175FC4878}.Release|ARM.ActiveCfg = Release|Any CPU
		{613D8F93-1CC9-4C5D-A67A-290175FC4878}.Release|ARM.Build.0 = Release|Any CPU
		{613D8F93-1CC9-4C5D-A67A-290175FC4878}.Release|x64.ActiveCfg = Release|Any CPU
		{613D8F93-1CC9-4C5D-A67A-290175FC4878}.Release|x64.Build.0 = Release|Any CPU
		{613D8F93-1CC9-4C5D-A67A-290175FC4878}.Release|x86.ActiveCfg = Release|Any CPU
		{613D8F93-1CC9-4C5D-A67A-290175FC4878}.Release|x86.Build.0 = Release|Any CPU
		{801800EA-FE7C-40AD-838D-F2A887DE03DE}.Debug|Any CPU.ActiveCfg = Debug|Any CPU
		{801800EA-FE7C-40AD-838D-F2A887DE03DE}.Debug|Any CPU.Build.0 = Debug|Any CPU
		{801800EA-FE7C-40AD-838D-F2A887DE03DE}.Debug|ARM.ActiveCfg = Debug|Any CPU
		{801800EA-FE7C-40AD-838D-F2A887DE03DE}.Debug|ARM.Build.0 = Debug|Any CPU
		{801800EA-FE7C-40AD-838D-F2A887DE03DE}.Debug|x64.ActiveCfg = Debug|Any CPU
		{801800EA-FE7C-40AD-838D-F2A887DE03DE}.Debug|x64.Build.0 = Debug|Any CPU
		{801800EA-FE7C-40AD-838D-F2A887DE03DE}.Debug|x86.ActiveCfg = Debug|Any CPU
		{801800EA-FE7C-40AD-838D-F2A887DE03DE}.Debug|x86.Build.0 = Debug|Any CPU
		{801800EA-FE7C-40AD-838D-F2A887DE03DE}.Release|Any CPU.ActiveCfg = Release|Any CPU
		{801800EA-FE7C-40AD-838D-F2A887DE03DE}.Release|Any CPU.Build.0 = Release|Any CPU
		{801800EA-FE7C-40AD-838D-F2A887DE03DE}.Release|ARM.ActiveCfg = Release|Any CPU
		{801800EA-FE7C-40AD-838D-F2A887DE03DE}.Release|ARM.Build.0 = Release|Any CPU
		{801800EA-FE7C-40AD-838D-F2A887DE03DE}.Release|x64.ActiveCfg = Release|Any CPU
		{801800EA-FE7C-40AD-838D-F2A887DE03DE}.Release|x64.Build.0 = Release|Any CPU
		{801800EA-FE7C-40AD-838D-F2A887DE03DE}.Release|x86.ActiveCfg = Release|Any CPU
		{801800EA-FE7C-40AD-838D-F2A887DE03DE}.Release|x86.Build.0 = Release|Any CPU
	EndGlobalSection
	GlobalSection(SolutionProperties) = preSolution
		HideSolutionNode = FALSE
	EndGlobalSection
EndGlobal
