
Microsoft Visual Studio Solution File, Format Version 12.00
# Visual Studio 2013
VisualStudioVersion = 12.0.31101.0
MinimumVisualStudioVersion = 10.0.40219.1
Project("{FAE04EC0-301F-11D3-BF4B-00C04F79EFBC}") = "Jasily.Torrent", "Jasily.Torrent\Jasily.Torrent.csproj", "{632C5DA2-2328-434D-925F-1F73191DB221}"
EndProject
Project("{FAE04EC0-301F-11D3-BF4B-00C04F79EFBC}") = "Jasily.Cache", "Jasily.Cache\Jasily.Cache.csproj", "{3E7587E5-324A-4CF1-A511-446BF30F9D8A}"
EndProject
Project("{FAE04EC0-301F-11D3-BF4B-00C04F79EFBC}") = "Jasily.Core.Desktop", "Jasily.Core.Desktop\Jasily.Core.Desktop.csproj", "{E90943E3-39C3-4649-9FE7-17096CBCD95E}"
EndProject
Project("{FAE04EC0-301F-11D3-BF4B-00C04F79EFBC}") = "Jasily.Core.CSShared", "Jasily.Core.CSShared\Jasily.Core.CSShared.csproj", "{72BD2A0C-9D31-462E-9460-8453450FC1B2}"
EndProject
Project("{FAE04EC0-301F-11D3-BF4B-00C04F79EFBC}") = "Jasily.Core", "Jasily.Core\Jasily.Core.csproj", "{8442E8E7-D515-4481-8A36-71711B1FBF79}"
EndProject
Project("{FAE04EC0-301F-11D3-BF4B-00C04F79EFBC}") = "UnitTest.Desktop", "UnitTest.Desktop\UnitTest.Desktop.csproj", "{7C7F7A7C-DE6E-41AD-AB33-8BDE112AD029}"
EndProject
Project("{FAE04EC0-301F-11D3-BF4B-00C04F79EFBC}") = "Jasily.Core.WP80", "Jasily.Core.WP80\Jasily.Core.WP80.csproj", "{F8CEDE71-3C83-4102-A233-71BDD05D8250}"
EndProject
Project("{FAE04EC0-301F-11D3-BF4B-00C04F79EFBC}") = "Jasily.Core.WP81", "Jasily.Core.WP81\Jasily.Core.WP81.csproj", "{6C92ACF0-A2B7-4738-8B6D-20C3BECBEAFD}"
EndProject
Global
	GlobalSection(SolutionConfigurationPlatforms) = preSolution
		Debug|Any CPU = Debug|Any CPU
		Debug|ARM = Debug|ARM
		Debug|x86 = Debug|x86
		Release|Any CPU = Release|Any CPU
		Release|ARM = Release|ARM
		Release|x86 = Release|x86
	EndGlobalSection
	GlobalSection(ProjectConfigurationPlatforms) = postSolution
		{632C5DA2-2328-434D-925F-1F73191DB221}.Debug|Any CPU.ActiveCfg = Debug|Any CPU
		{632C5DA2-2328-434D-925F-1F73191DB221}.Debug|Any CPU.Build.0 = Debug|Any CPU
		{632C5DA2-2328-434D-925F-1F73191DB221}.Debug|ARM.ActiveCfg = Debug|Any CPU
		{632C5DA2-2328-434D-925F-1F73191DB221}.Debug|x86.ActiveCfg = Debug|Any CPU
		{632C5DA2-2328-434D-925F-1F73191DB221}.Release|Any CPU.ActiveCfg = Release|Any CPU
		{632C5DA2-2328-434D-925F-1F73191DB221}.Release|Any CPU.Build.0 = Release|Any CPU
		{632C5DA2-2328-434D-925F-1F73191DB221}.Release|ARM.ActiveCfg = Release|Any CPU
		{632C5DA2-2328-434D-925F-1F73191DB221}.Release|x86.ActiveCfg = Release|Any CPU
		{3E7587E5-324A-4CF1-A511-446BF30F9D8A}.Debug|Any CPU.ActiveCfg = Debug|Any CPU
		{3E7587E5-324A-4CF1-A511-446BF30F9D8A}.Debug|Any CPU.Build.0 = Debug|Any CPU
		{3E7587E5-324A-4CF1-A511-446BF30F9D8A}.Debug|ARM.ActiveCfg = Debug|Any CPU
		{3E7587E5-324A-4CF1-A511-446BF30F9D8A}.Debug|x86.ActiveCfg = Debug|Any CPU
		{3E7587E5-324A-4CF1-A511-446BF30F9D8A}.Release|Any CPU.ActiveCfg = Release|Any CPU
		{3E7587E5-324A-4CF1-A511-446BF30F9D8A}.Release|Any CPU.Build.0 = Release|Any CPU
		{3E7587E5-324A-4CF1-A511-446BF30F9D8A}.Release|ARM.ActiveCfg = Release|Any CPU
		{3E7587E5-324A-4CF1-A511-446BF30F9D8A}.Release|x86.ActiveCfg = Release|Any CPU
		{E90943E3-39C3-4649-9FE7-17096CBCD95E}.Debug|Any CPU.ActiveCfg = Debug|Any CPU
		{E90943E3-39C3-4649-9FE7-17096CBCD95E}.Debug|Any CPU.Build.0 = Debug|Any CPU
		{E90943E3-39C3-4649-9FE7-17096CBCD95E}.Debug|ARM.ActiveCfg = Debug|Any CPU
		{E90943E3-39C3-4649-9FE7-17096CBCD95E}.Debug|x86.ActiveCfg = Debug|Any CPU
		{E90943E3-39C3-4649-9FE7-17096CBCD95E}.Release|Any CPU.ActiveCfg = Release|Any CPU
		{E90943E3-39C3-4649-9FE7-17096CBCD95E}.Release|Any CPU.Build.0 = Release|Any CPU
		{E90943E3-39C3-4649-9FE7-17096CBCD95E}.Release|ARM.ActiveCfg = Release|Any CPU
		{E90943E3-39C3-4649-9FE7-17096CBCD95E}.Release|x86.ActiveCfg = Release|Any CPU
		{72BD2A0C-9D31-462E-9460-8453450FC1B2}.Debug|Any CPU.ActiveCfg = Debug|Any CPU
		{72BD2A0C-9D31-462E-9460-8453450FC1B2}.Debug|Any CPU.Build.0 = Debug|Any CPU
		{72BD2A0C-9D31-462E-9460-8453450FC1B2}.Debug|ARM.ActiveCfg = Debug|Any CPU
		{72BD2A0C-9D31-462E-9460-8453450FC1B2}.Debug|x86.ActiveCfg = Debug|Any CPU
		{72BD2A0C-9D31-462E-9460-8453450FC1B2}.Release|Any CPU.ActiveCfg = Release|Any CPU
		{72BD2A0C-9D31-462E-9460-8453450FC1B2}.Release|Any CPU.Build.0 = Release|Any CPU
		{72BD2A0C-9D31-462E-9460-8453450FC1B2}.Release|ARM.ActiveCfg = Release|Any CPU
		{72BD2A0C-9D31-462E-9460-8453450FC1B2}.Release|x86.ActiveCfg = Release|Any CPU
		{8442E8E7-D515-4481-8A36-71711B1FBF79}.Debug|Any CPU.ActiveCfg = Debug|Any CPU
		{8442E8E7-D515-4481-8A36-71711B1FBF79}.Debug|Any CPU.Build.0 = Debug|Any CPU
		{8442E8E7-D515-4481-8A36-71711B1FBF79}.Debug|ARM.ActiveCfg = Debug|Any CPU
		{8442E8E7-D515-4481-8A36-71711B1FBF79}.Debug|x86.ActiveCfg = Debug|Any CPU
		{8442E8E7-D515-4481-8A36-71711B1FBF79}.Release|Any CPU.ActiveCfg = Release|Any CPU
		{8442E8E7-D515-4481-8A36-71711B1FBF79}.Release|Any CPU.Build.0 = Release|Any CPU
		{8442E8E7-D515-4481-8A36-71711B1FBF79}.Release|ARM.ActiveCfg = Release|Any CPU
		{8442E8E7-D515-4481-8A36-71711B1FBF79}.Release|x86.ActiveCfg = Release|Any CPU
		{7C7F7A7C-DE6E-41AD-AB33-8BDE112AD029}.Debug|Any CPU.ActiveCfg = Debug|Any CPU
		{7C7F7A7C-DE6E-41AD-AB33-8BDE112AD029}.Debug|Any CPU.Build.0 = Debug|Any CPU
		{7C7F7A7C-DE6E-41AD-AB33-8BDE112AD029}.Debug|ARM.ActiveCfg = Debug|Any CPU
		{7C7F7A7C-DE6E-41AD-AB33-8BDE112AD029}.Debug|x86.ActiveCfg = Debug|Any CPU
		{7C7F7A7C-DE6E-41AD-AB33-8BDE112AD029}.Release|Any CPU.ActiveCfg = Release|Any CPU
		{7C7F7A7C-DE6E-41AD-AB33-8BDE112AD029}.Release|Any CPU.Build.0 = Release|Any CPU
		{7C7F7A7C-DE6E-41AD-AB33-8BDE112AD029}.Release|ARM.ActiveCfg = Release|Any CPU
		{7C7F7A7C-DE6E-41AD-AB33-8BDE112AD029}.Release|x86.ActiveCfg = Release|Any CPU
		{F8CEDE71-3C83-4102-A233-71BDD05D8250}.Debug|Any CPU.ActiveCfg = Debug|Any CPU
		{F8CEDE71-3C83-4102-A233-71BDD05D8250}.Debug|Any CPU.Build.0 = Debug|Any CPU
		{F8CEDE71-3C83-4102-A233-71BDD05D8250}.Debug|ARM.ActiveCfg = Debug|ARM
		{F8CEDE71-3C83-4102-A233-71BDD05D8250}.Debug|ARM.Build.0 = Debug|ARM
		{F8CEDE71-3C83-4102-A233-71BDD05D8250}.Debug|x86.ActiveCfg = Debug|x86
		{F8CEDE71-3C83-4102-A233-71BDD05D8250}.Debug|x86.Build.0 = Debug|x86
		{F8CEDE71-3C83-4102-A233-71BDD05D8250}.Release|Any CPU.ActiveCfg = Release|Any CPU
		{F8CEDE71-3C83-4102-A233-71BDD05D8250}.Release|Any CPU.Build.0 = Release|Any CPU
		{F8CEDE71-3C83-4102-A233-71BDD05D8250}.Release|ARM.ActiveCfg = Release|ARM
		{F8CEDE71-3C83-4102-A233-71BDD05D8250}.Release|ARM.Build.0 = Release|ARM
		{F8CEDE71-3C83-4102-A233-71BDD05D8250}.Release|x86.ActiveCfg = Release|x86
		{F8CEDE71-3C83-4102-A233-71BDD05D8250}.Release|x86.Build.0 = Release|x86
		{6C92ACF0-A2B7-4738-8B6D-20C3BECBEAFD}.Debug|Any CPU.ActiveCfg = Debug|Any CPU
		{6C92ACF0-A2B7-4738-8B6D-20C3BECBEAFD}.Debug|Any CPU.Build.0 = Debug|Any CPU
		{6C92ACF0-A2B7-4738-8B6D-20C3BECBEAFD}.Debug|ARM.ActiveCfg = Debug|ARM
		{6C92ACF0-A2B7-4738-8B6D-20C3BECBEAFD}.Debug|ARM.Build.0 = Debug|ARM
		{6C92ACF0-A2B7-4738-8B6D-20C3BECBEAFD}.Debug|x86.ActiveCfg = Debug|x86
		{6C92ACF0-A2B7-4738-8B6D-20C3BECBEAFD}.Debug|x86.Build.0 = Debug|x86
		{6C92ACF0-A2B7-4738-8B6D-20C3BECBEAFD}.Release|Any CPU.ActiveCfg = Release|Any CPU
		{6C92ACF0-A2B7-4738-8B6D-20C3BECBEAFD}.Release|Any CPU.Build.0 = Release|Any CPU
		{6C92ACF0-A2B7-4738-8B6D-20C3BECBEAFD}.Release|ARM.ActiveCfg = Release|ARM
		{6C92ACF0-A2B7-4738-8B6D-20C3BECBEAFD}.Release|ARM.Build.0 = Release|ARM
		{6C92ACF0-A2B7-4738-8B6D-20C3BECBEAFD}.Release|x86.ActiveCfg = Release|x86
		{6C92ACF0-A2B7-4738-8B6D-20C3BECBEAFD}.Release|x86.Build.0 = Release|x86
	EndGlobalSection
	GlobalSection(SolutionProperties) = preSolution
		HideSolutionNode = FALSE
	EndGlobalSection
EndGlobal
